
Microsoft Visual Studio Solution File, Format Version 12.00
# Visual Studio 15
VisualStudioVersion = 15.0.28010.2019
MinimumVisualStudioVersion = 10.0.40219.1
Project("{FAE04EC0-301F-11D3-BF4B-00C04F79EFBC}") = "OMS.Ice.T4Generator", "OMS.Ice.T4Generator\OMS.Ice.T4Generator.csproj", "{36785B57-3544-402D-BC11-9E1048B02173}"
EndProject
Project("{2150E333-8FDC-42A3-9474-1A3956D46DE8}") = "Build", "Build", "{6C31E0B1-40CC-4326-8B90-C0D92ECAD458}"
	ProjectSection(SolutionItems) = preProject
		Build\CopyToDelivery.proj_ = Build\CopyToDelivery.proj_
	EndProjectSection
EndProject
Project("{FAE04EC0-301F-11D3-BF4B-00C04F79EFBC}") = "OMS.Ice.T4Generator.UnitTest", "OMS.Ice.T4Generator.UnitTest\OMS.Ice.T4Generator.UnitTest.csproj", "{2A76FBA7-83AF-4462-98E5-9F6DCD239D99}"
EndProject
Global
	GlobalSection(SolutionConfigurationPlatforms) = preSolution
		Debug|Any CPU = Debug|Any CPU
		Release|Any CPU = Release|Any CPU
	EndGlobalSection
	GlobalSection(ProjectConfigurationPlatforms) = postSolution
		{36785B57-3544-402D-BC11-9E1048B02173}.Debug|Any CPU.ActiveCfg = Debug|Any CPU
		{36785B57-3544-402D-BC11-9E1048B02173}.Debug|Any CPU.Build.0 = Debug|Any CPU
		{36785B57-3544-402D-BC11-9E1048B02173}.Release|Any CPU.ActiveCfg = Release|Any CPU
		{36785B57-3544-402D-BC11-9E1048B02173}.Release|Any CPU.Build.0 = Release|Any CPU
		{2A76FBA7-83AF-4462-98E5-9F6DCD239D99}.Debug|Any CPU.ActiveCfg = Debug|Any CPU
		{2A76FBA7-83AF-4462-98E5-9F6DCD239D99}.Debug|Any CPU.Build.0 = Debug|Any CPU
		{2A76FBA7-83AF-4462-98E5-9F6DCD239D99}.Release|Any CPU.ActiveCfg = Release|Any CPU
		{2A76FBA7-83AF-4462-98E5-9F6DCD239D99}.Release|Any CPU.Build.0 = Release|Any CPU
	EndGlobalSection
	GlobalSection(SolutionProperties) = preSolution
		HideSolutionNode = FALSE
	EndGlobalSection
	GlobalSection(ExtensibilityGlobals) = postSolution
		SolutionGuid = {52FE3049-104E-4AF8-BCF3-AC055BB4DACD}
	EndGlobalSection
EndGlobal
