
Microsoft Visual Studio Solution File, Format Version 12.00
# Visual Studio Version 17
VisualStudioVersion = 17.4.33103.184
MinimumVisualStudioVersion = 10.0.40219.1
Project("{9A19103F-16F7-4668-BE54-9A1E7A4F7556}") = "Scotec.T4", "Scotec.T4\Scotec.T4.csproj", "{687C21FE-5FB9-4E92-BE00-169B7D60D92D}"
EndProject
Project("{9A19103F-16F7-4668-BE54-9A1E7A4F7556}") = "Scotec.T4.UnitTest", "Scotec.T4.UnitTest\Scotec.T4.UnitTest.csproj", "{1F666D2A-EE37-45D4-8439-657F266C4F7D}"
EndProject
Global
	GlobalSection(SolutionConfigurationPlatforms) = preSolution
		Debug|Any CPU = Debug|Any CPU
		Release|Any CPU = Release|Any CPU
	EndGlobalSection
	GlobalSection(ProjectConfigurationPlatforms) = postSolution
		{687C21FE-5FB9-4E92-BE00-169B7D60D92D}.Debug|Any CPU.ActiveCfg = Debug|Any CPU
		{687C21FE-5FB9-4E92-BE00-169B7D60D92D}.Debug|Any CPU.Build.0 = Debug|Any CPU
		{687C21FE-5FB9-4E92-BE00-169B7D60D92D}.Release|Any CPU.ActiveCfg = Release|Any CPU
		{687C21FE-5FB9-4E92-BE00-169B7D60D92D}.Release|Any CPU.Build.0 = Release|Any CPU
		{1F666D2A-EE37-45D4-8439-657F266C4F7D}.Debug|Any CPU.ActiveCfg = Debug|Any CPU
		{1F666D2A-EE37-45D4-8439-657F266C4F7D}.Debug|Any CPU.Build.0 = Debug|Any CPU
		{1F666D2A-EE37-45D4-8439-657F266C4F7D}.Release|Any CPU.ActiveCfg = Release|Any CPU
		{1F666D2A-EE37-45D4-8439-657F266C4F7D}.Release|Any CPU.Build.0 = Release|Any CPU
	EndGlobalSection
	GlobalSection(SolutionProperties) = preSolution
		HideSolutionNode = FALSE
	EndGlobalSection
	GlobalSection(ExtensibilityGlobals) = postSolution
		SolutionGuid = {52FE3049-104E-4AF8-BCF3-AC055BB4DACD}
	EndGlobalSection
EndGlobal
